schema: '2.0'
stages:
  load_data:
    cmd: python src/load_data.py --parameters_yaml_path params.yaml
    deps:
    - path: original_data/winequality.csv
      hash: md5
      md5: 7638fc08efe545190b939044a32c118e
      size: 85772
    - path: params.yaml
      hash: md5
      md5: f38031d0eb0630dfee4df47a294e7a58
      size: 2285
    - path: src/load_data.py
      hash: md5
      md5: e012a047b77400dde6833c9dc9bf9ff1
      size: 961
    - path: src/read_data.py
      hash: md5
      md5: 5702f7ef0ee923175b325bfc53b0a35d
      size: 1059
    outs:
    - path: data/raw/raw_winequality.csv
      hash: md5
      md5: 67631f1c5955e125edc0d029a7fa5c6c
      size: 93598
  split_data:
    cmd: python src/split_data.py --parameters_yaml_path params.yaml
    deps:
    - path: data/raw/raw_winequality.csv
      hash: md5
      md5: 67631f1c5955e125edc0d029a7fa5c6c
      size: 93598
    - path: params.yaml
      hash: md5
      md5: f38031d0eb0630dfee4df47a294e7a58
      size: 2285
    - path: src/read_data.py
      hash: md5
      md5: 5702f7ef0ee923175b325bfc53b0a35d
      size: 1059
    - path: src/split_data.py
      hash: md5
      md5: 634a7712b82c0bf8d26e45f88907d227
      size: 1959
    outs:
    - path: data/processed/test_winequality.csv
      hash: md5
      md5: f454de85952fd401f211a857c085a2ac
      size: 28184
    - path: data/processed/train_winequality.csv
      hash: md5
      md5: 494f26387f57e525a675c34267a77444
      size: 65560
  train_and_evaluate:
    cmd: python src/train_and_evaluate.py --parameters_yaml_path params.yaml
    deps:
    - path: data/processed/test_winequality.csv
      hash: md5
      md5: f454de85952fd401f211a857c085a2ac
      size: 28184
    - path: data/processed/train_winequality.csv
      hash: md5
      md5: 494f26387f57e525a675c34267a77444
      size: 65560
    - path: params.yaml
      hash: md5
      md5: f38031d0eb0630dfee4df47a294e7a58
      size: 2285
    - path: src/read_data.py
      hash: md5
      md5: 5702f7ef0ee923175b325bfc53b0a35d
      size: 1059
    - path: src/train_and_evaluate.py
      hash: md5
      md5: cb82acfe24756950279f455f52dd6ff9
      size: 4025
    params:
      params.yaml:
        algorithms.ElasticNet.parameters.alpha: 0.9
        algorithms.ElasticNet.parameters.l1_ratio: 0.4
    outs:
    - path: models/elasticnet_model.joblib
      hash: md5
      md5: 416b1d58b517a08d13b739dbf8f4e2ea
      size: 1231
    - path: reports/model_parameters.json
      hash: md5
      md5: 20f75df9968ff0e89f66a1435325de3c
      size: 68
    - path: reports/model_scores.json
      hash: md5
      md5: c00711aace094ab25755645432990424
      size: 107
